
Microsoft Visual Studio Solution File, Format Version 12.00
# Visual Studio 14
VisualStudioVersion = 14.0.25420.1
MinimumVisualStudioVersion = 10.0.40219.1
Project("{FAE04EC0-301F-11D3-BF4B-00C04F79EFBC}") = "HelloWorld", "HelloWorld\HelloWorld.csproj", "{C0F42605-0349-43DE-90DD-C60BC2FB65CD}"
EndProject
Project("{FAE04EC0-301F-11D3-BF4B-00C04F79EFBC}") = "ClassesAndObjects", "ClassesAndObjects\ClassesAndObjects.csproj", "{EB69E215-23F2-4D44-BA34-7206A6FEFC61}"
EndProject
Global
	GlobalSection(SolutionConfigurationPlatforms) = preSolution
		Debug|Any CPU = Debug|Any CPU
		Release|Any CPU = Release|Any CPU
	EndGlobalSection
	GlobalSection(ProjectConfigurationPlatforms) = postSolution
		{C0F42605-0349-43DE-90DD-C60BC2FB65CD}.Debug|Any CPU.ActiveCfg = Debug|Any CPU
		{C0F42605-0349-43DE-90DD-C60BC2FB65CD}.Debug|Any CPU.Build.0 = Debug|Any CPU
		{C0F42605-0349-43DE-90DD-C60BC2FB65CD}.Release|Any CPU.ActiveCfg = Release|Any CPU
		{C0F42605-0349-43DE-90DD-C60BC2FB65CD}.Release|Any CPU.Build.0 = Release|Any CPU
		{EB69E215-23F2-4D44-BA34-7206A6FEFC61}.Debug|Any CPU.ActiveCfg = Debug|Any CPU
		{EB69E215-23F2-4D44-BA34-7206A6FEFC61}.Debug|Any CPU.Build.0 = Debug|Any CPU
		{EB69E215-23F2-4D44-BA34-7206A6FEFC61}.Release|Any CPU.ActiveCfg = Release|Any CPU
		{EB69E215-23F2-4D44-BA34-7206A6FEFC61}.Release|Any CPU.Build.0 = Release|Any CPU
	EndGlobalSection
	GlobalSection(SolutionProperties) = preSolution
		HideSolutionNode = FALSE
	EndGlobalSection
EndGlobal
